// !$*UTF8*$!
{
	archiveVersion = 1;
	classes = {
	};
	objectVersion = 50;
	objects = {

/* Begin PBXBuildFile section */
		7B86935020BDB12F00F99F1B /* AppDelegate.swift in Sources */ = {isa = PBXBuildFile; fileRef = 7B86934F20BDB12F00F99F1B /* AppDelegate.swift */; };
		7B86935220BDB12F00F99F1B /* ViewController.swift in Sources */ = {isa = PBXBuildFile; fileRef = 7B86935120BDB12F00F99F1B /* ViewController.swift */; };
		7B86935520BDB12F00F99F1B /* Main.storyboard in Resources */ = {isa = PBXBuildFile; fileRef = 7B86935320BDB12F00F99F1B /* Main.storyboard */; };
		7B86935720BDB13500F99F1B /* Assets.xcassets in Resources */ = {isa = PBXBuildFile; fileRef = 7B86935620BDB13500F99F1B /* Assets.xcassets */; };
		7B86935A20BDB13500F99F1B /* LaunchScreen.storyboard in Resources */ = {isa = PBXBuildFile; fileRef = 7B86935820BDB13500F99F1B /* LaunchScreen.storyboard */; };
		7B86936520BDB13500F99F1B /* GeoCalculatoriOSTests.swift in Sources */ = {isa = PBXBuildFile; fileRef = 7B86936420BDB13500F99F1B /* GeoCalculatoriOSTests.swift */; };
		7B86937020BDB13500F99F1B /* GeoCalculatoriOSUITests.swift in Sources */ = {isa = PBXBuildFile; fileRef = 7B86936F20BDB13500F99F1B /* GeoCalculatoriOSUITests.swift */; };
		7B86937F20BDC8BE00F99F1B /* CLLocationExtensions.swift in Sources */ = {isa = PBXBuildFile; fileRef = 7B86937D20BDC8BD00F99F1B /* CLLocationExtensions.swift */; };
		7B86938020BDC8BE00F99F1B /* DecimalMinusTextField.swift in Sources */ = {isa = PBXBuildFile; fileRef = 7B86937E20BDC8BE00F99F1B /* DecimalMinusTextField.swift */; };
/* End PBXBuildFile section */

/* Begin PBXContainerItemProxy section */
		7B86936120BDB13500F99F1B /* PBXContainerItemProxy */ = {
			isa = PBXContainerItemProxy;
			containerPortal = 7B86934420BDB12F00F99F1B /* Project object */;
			proxyType = 1;
			remoteGlobalIDString = 7B86934B20BDB12F00F99F1B;
			remoteInfo = GeoCalculatoriOS;
		};
		7B86936C20BDB13500F99F1B /* PBXContainerItemProxy */ = {
			isa = PBXContainerItemProxy;
			containerPortal = 7B86934420BDB12F00F99F1B /* Project object */;
			proxyType = 1;
			remoteGlobalIDString = 7B86934B20BDB12F00F99F1B;
			remoteInfo = GeoCalculatoriOS;
		};
/* End PBXContainerItemProxy section */

/* Begin PBXFileReference section */
		7B86934C20BDB12F00F99F1B /* GeoCalculatoriOS.app */ = {isa = PBXFileReference; explicitFileType = wrapper.application; includeInIndex = 0; path = GeoCalculatoriOS.app; sourceTree = BUILT_PRODUCTS_DIR; };
		7B86934F20BDB12F00F99F1B /* AppDelegate.swift */ = {isa = PBXFileReference; lastKnownFileType = sourcecode.swift; path = AppDelegate.swift; sourceTree = "<group>"; };
		7B86935120BDB12F00F99F1B /* ViewController.swift */ = {isa = PBXFileReference; lastKnownFileType = sourcecode.swift; path = ViewController.swift; sourceTree = "<group>"; };
		7B86935420BDB12F00F99F1B /* Base */ = {isa = PBXFileReference; lastKnownFileType = file.storyboard; name = Base; path = Base.lproj/Main.storyboard; sourceTree = "<group>"; };
		7B86935620BDB13500F99F1B /* Assets.xcassets */ = {isa = PBXFileReference; lastKnownFileType = folder.assetcatalog; path = Assets.xcassets; sourceTree = "<group>"; };
		7B86935920BDB13500F99F1B /* Base */ = {isa = PBXFileReference; lastKnownFileType = file.storyboard; name = Base; path = Base.lproj/LaunchScreen.storyboard; sourceTree = "<group>"; };
		7B86935B20BDB13500F99F1B /* Info.plist */ = {isa = PBXFileReference; lastKnownFileType = text.plist.xml; path = Info.plist; sourceTree = "<group>"; };
		7B86936020BDB13500F99F1B /* GeoCalculatoriOSTests.xctest */ = {isa = PBXFileReference; explicitFileType = wrapper.cfbundle; includeInIndex = 0; path = GeoCalculatoriOSTests.xctest; sourceTree = BUILT_PRODUCTS_DIR; };
		7B86936420BDB13500F99F1B /* GeoCalculatoriOSTests.swift */ = {isa = PBXFileReference; lastKnownFileType = sourcecode.swift; path = GeoCalculatoriOSTests.swift; sourceTree = "<group>"; };
		7B86936620BDB13500F99F1B /* Info.plist */ = {isa = PBXFileReference; lastKnownFileType = text.plist.xml; path = Info.plist; sourceTree = "<group>"; };
		7B86936B20BDB13500F99F1B /* GeoCalculatoriOSUITests.xctest */ = {isa = PBXFileReference; explicitFileType = wrapper.cfbundle; includeInIndex = 0; path = GeoCalculatoriOSUITests.xctest; sourceTree = BUILT_PRODUCTS_DIR; };
		7B86936F20BDB13500F99F1B /* GeoCalculatoriOSUITests.swift */ = {isa = PBXFileReference; lastKnownFileType = sourcecode.swift; path = GeoCalculatoriOSUITests.swift; sourceTree = "<group>"; };
		7B86937120BDB13500F99F1B /* Info.plist */ = {isa = PBXFileReference; lastKnownFileType = text.plist.xml; path = Info.plist; sourceTree = "<group>"; };
		7B86937D20BDC8BD00F99F1B /* CLLocationExtensions.swift */ = {isa = PBXFileReference; fileEncoding = 4; lastKnownFileType = sourcecode.swift; path = CLLocationExtensions.swift; sourceTree = "<group>"; };
		7B86937E20BDC8BE00F99F1B /* DecimalMinusTextField.swift */ = {isa = PBXFileReference; fileEncoding = 4; lastKnownFileType = sourcecode.swift; path = DecimalMinusTextField.swift; sourceTree = "<group>"; };
/* End PBXFileReference section */

/* Begin PBXFrameworksBuildPhase section */
		7B86934920BDB12F00F99F1B /* Frameworks */ = {
			isa = PBXFrameworksBuildPhase;
			buildActionMask = 2147483647;
			files = (
			);
			runOnlyForDeploymentPostprocessing = 0;
		};
		7B86935D20BDB13500F99F1B /* Frameworks */ = {
			isa = PBXFrameworksBuildPhase;
			buildActionMask = 2147483647;
			files = (
			);
			runOnlyForDeploymentPostprocessing = 0;
		};
		7B86936820BDB13500F99F1B /* Frameworks */ = {
			isa = PBXFrameworksBuildPhase;
			buildActionMask = 2147483647;
			files = (
			);
			runOnlyForDeploymentPostprocessing = 0;
		};
/* End PBXFrameworksBuildPhase section */

/* Begin PBXGroup section */
		7B86934320BDB12F00F99F1B = {
			isa = PBXGroup;
			children = (
				7B86934E20BDB12F00F99F1B /* GeoCalculatoriOS */,
				7B86936320BDB13500F99F1B /* GeoCalculatoriOSTests */,
				7B86936E20BDB13500F99F1B /* GeoCalculatoriOSUITests */,
				7B86934D20BDB12F00F99F1B /* Products */,
			);
			sourceTree = "<group>";
		};
		7B86934D20BDB12F00F99F1B /* Products */ = {
			isa = PBXGroup;
			children = (
				7B86934C20BDB12F00F99F1B /* GeoCalculatoriOS.app */,
				7B86936020BDB13500F99F1B /* GeoCalculatoriOSTests.xctest */,
				7B86936B20BDB13500F99F1B /* GeoCalculatoriOSUITests.xctest */,
			);
			name = Products;
			sourceTree = "<group>";
		};
		7B86934E20BDB12F00F99F1B /* GeoCalculatoriOS */ = {
			isa = PBXGroup;
			children = (
				7B86937D20BDC8BD00F99F1B /* CLLocationExtensions.swift */,
				7B86937E20BDC8BE00F99F1B /* DecimalMinusTextField.swift */,
				7B86934F20BDB12F00F99F1B /* AppDelegate.swift */,
				7B86935120BDB12F00F99F1B /* ViewController.swift */,
				7B86935320BDB12F00F99F1B /* Main.storyboard */,
				7B86935620BDB13500F99F1B /* Assets.xcassets */,
				7B86935820BDB13500F99F1B /* LaunchScreen.storyboard */,
				7B86935B20BDB13500F99F1B /* Info.plist */,
			);
			path = GeoCalculatoriOS;
			sourceTree = "<group>";
		};
		7B86936320BDB13500F99F1B /* GeoCalculatoriOSTests */ = {
			isa = PBXGroup;
			children = (
				7B86936420BDB13500F99F1B /* GeoCalculatoriOSTests.swift */,
				7B86936620BDB13500F99F1B /* Info.plist */,
			);
			path = GeoCalculatoriOSTests;
			sourceTree = "<group>";
		};
		7B86936E20BDB13500F99F1B /* GeoCalculatoriOSUITests */ = {
			isa = PBXGroup;
			children = (
				7B86936F20BDB13500F99F1B /* GeoCalculatoriOSUITests.swift */,
				7B86937120BDB13500F99F1B /* Info.plist */,
			);
			path = GeoCalculatoriOSUITests;
			sourceTree = "<group>";
		};
/* End PBXGroup section */

/* Begin PBXNativeTarget section */
		7B86934B20BDB12F00F99F1B /* GeoCalculatoriOS */ = {
			isa = PBXNativeTarget;
			buildConfigurationList = 7B86937420BDB13500F99F1B /* Build configuration list for PBXNativeTarget "GeoCalculatoriOS" */;
			buildPhases = (
				7B86934820BDB12F00F99F1B /* Sources */,
				7B86934920BDB12F00F99F1B /* Frameworks */,
				7B86934A20BDB12F00F99F1B /* Resources */,
			);
			buildRules = (
			);
			dependencies = (
			);
			name = GeoCalculatoriOS;
			productName = GeoCalculatoriOS;
			productReference = 7B86934C20BDB12F00F99F1B /* GeoCalculatoriOS.app */;
			productType = "com.apple.product-type.application";
		};
		7B86935F20BDB13500F99F1B /* GeoCalculatoriOSTests */ = {
			isa = PBXNativeTarget;
			buildConfigurationList = 7B86937720BDB13500F99F1B /* Build configuration list for PBXNativeTarget "GeoCalculatoriOSTests" */;
			buildPhases = (
				7B86935C20BDB13500F99F1B /* Sources */,
				7B86935D20BDB13500F99F1B /* Frameworks */,
				7B86935E20BDB13500F99F1B /* Resources */,
			);
			buildRules = (
			);
			dependencies = (
				7B86936220BDB13500F99F1B /* PBXTargetDependency */,
			);
			name = GeoCalculatoriOSTests;
			productName = GeoCalculatoriOSTests;
			productReference = 7B86936020BDB13500F99F1B /* GeoCalculatoriOSTests.xctest */;
			productType = "com.apple.product-type.bundle.unit-test";
		};
		7B86936A20BDB13500F99F1B /* GeoCalculatoriOSUITests */ = {
			isa = PBXNativeTarget;
			buildConfigurationList = 7B86937A20BDB13500F99F1B /* Build configuration list for PBXNativeTarget "GeoCalculatoriOSUITests" */;
			buildPhases = (
				7B86936720BDB13500F99F1B /* Sources */,
				7B86936820BDB13500F99F1B /* Frameworks */,
				7B86936920BDB13500F99F1B /* Resources */,
			);
			buildRules = (
			);
			dependencies = (
				7B86936D20BDB13500F99F1B /* PBXTargetDependency */,
			);
			name = GeoCalculatoriOSUITests;
			productName = GeoCalculatoriOSUITests;
			productReference = 7B86936B20BDB13500F99F1B /* GeoCalculatoriOSUITests.xctest */;
			productType = "com.apple.product-type.bundle.ui-testing";
		};
/* End PBXNativeTarget section */

/* Begin PBXProject section */
		7B86934420BDB12F00F99F1B /* Project object */ = {
			isa = PBXProject;
			attributes = {
				LastSwiftUpdateCheck = 0930;
				LastUpgradeCheck = 0930;
				ORGANIZATIONNAME = "Dimitri Haring";
				TargetAttributes = {
					7B86934B20BDB12F00F99F1B = {
						CreatedOnToolsVersion = 9.3.1;
					};
					7B86935F20BDB13500F99F1B = {
						CreatedOnToolsVersion = 9.3.1;
						TestTargetID = 7B86934B20BDB12F00F99F1B;
					};
					7B86936A20BDB13500F99F1B = {
						CreatedOnToolsVersion = 9.3.1;
						TestTargetID = 7B86934B20BDB12F00F99F1B;
					};
				};
			};
			buildConfigurationList = 7B86934720BDB12F00F99F1B /* Build configuration list for PBXProject "GeoCalculatoriOS" */;
			compatibilityVersion = "Xcode 9.3";
			developmentRegion = en;
			hasScannedForEncodings = 0;
			knownRegions = (
				en,
				Base,
			);
			mainGroup = 7B86934320BDB12F00F99F1B;
			productRefGroup = 7B86934D20BDB12F00F99F1B /* Products */;
			projectDirPath = "";
			projectRoot = "";
			targets = (
				7B86934B20BDB12F00F99F1B /* GeoCalculatoriOS */,
				7B86935F20BDB13500F99F1B /* GeoCalculatoriOSTests */,
				7B86936A20BDB13500F99F1B /* GeoCalculatoriOSUITests */,
			);
		};
/* End PBXProject section */

/* Begin PBXResourcesBuildPhase section */
		7B86934A20BDB12F00F99F1B /* Resources */ = {
			isa = PBXResourcesBuildPhase;
			buildActionMask = 2147483647;
			files = (
				7B86935A20BDB13500F99F1B /* LaunchScreen.storyboard in Resources */,
				7B86935720BDB13500F99F1B /* Assets.xcassets in Resources */,
				7B86935520BDB12F00F99F1B /* Main.storyboard in Resources */,
			);
			runOnlyForDeploymentPostprocessing = 0;
		};
		7B86935E20BDB13500F99F1B /* Resources */ = {
			isa = PBXResourcesBuildPhase;
			buildActionMask = 2147483647;
			files = (
			);
			runOnlyForDeploymentPostprocessing = 0;
		};
		7B86936920BDB13500F99F1B /* Resources */ = {
			isa = PBXResourcesBuildPhase;
			buildActionMask = 2147483647;
			files = (
			);
			runOnlyForDeploymentPostprocessing = 0;
		};
/* End PBXResourcesBuildPhase section */

/* Begin PBXSourcesBuildPhase section */
		7B86934820BDB12F00F99F1B /* Sources */ = {
			isa = PBXSourcesBuildPhase;
			buildActionMask = 2147483647;
			files = (
				7B86935220BDB12F00F99F1B /* ViewController.swift in Sources */,
				7B86937F20BDC8BE00F99F1B /* CLLocationExtensions.swift in Sources */,
				7B86938020BDC8BE00F99F1B /* DecimalMinusTextField.swift in Sources */,
				7B86935020BDB12F00F99F1B /* AppDelegate.swift in Sources */,
			);
			runOnlyForDeploymentPostprocessing = 0;
		};
		7B86935C20BDB13500F99F1B /* Sources */ = {
			isa = PBXSourcesBuildPhase;
			buildActionMask = 2147483647;
			files = (
				7B86936520BDB13500F99F1B /* GeoCalculatoriOSTests.swift in Sources */,
			);
			runOnlyForDeploymentPostprocessing = 0;
		};
		7B86936720BDB13500F99F1B /* Sources */ = {
			isa = PBXSourcesBuildPhase;
			buildActionMask = 2147483647;
			files = (
				7B86937020BDB13500F99F1B /* GeoCalculatoriOSUITests.swift in Sources */,
			);
			runOnlyForDeploymentPostprocessing = 0;
		};
/* End PBXSourcesBuildPhase section */

/* Begin PBXTargetDependency section */
		7B86936220BDB13500F99F1B /* PBXTargetDependency */ = {
			isa = PBXTargetDependency;
			target = 7B86934B20BDB12F00F99F1B /* GeoCalculatoriOS */;
			targetProxy = 7B86936120BDB13500F99F1B /* PBXContainerItemProxy */;
		};
		7B86936D20BDB13500F99F1B /* PBXTargetDependency */ = {
			isa = PBXTargetDependency;
			target = 7B86934B20BDB12F00F99F1B /* GeoCalculatoriOS */;
			targetProxy = 7B86936C20BDB13500F99F1B /* PBXContainerItemProxy */;
		};
/* End PBXTargetDependency section */

/* Begin PBXVariantGroup section */
		7B86935320BDB12F00F99F1B /* Main.storyboard */ = {
			isa = PBXVariantGroup;
			children = (
				7B86935420BDB12F00F99F1B /* Base */,
			);
			name = Main.storyboard;
			sourceTree = "<group>";
		};
		7B86935820BDB13500F99F1B /* LaunchScreen.storyboard */ = {
			isa = PBXVariantGroup;
			children = (
				7B86935920BDB13500F99F1B /* Base */,
			);
			name = LaunchScreen.storyboard;
			sourceTree = "<group>";
		};
/* End PBXVariantGroup section */

/* Begin XCBuildConfiguration section */
		7B86937220BDB13500F99F1B /* Debug */ = {
			isa = XCBuildConfiguration;
			buildSettings = {
				ALWAYS_SEARCH_USER_PATHS = NO;
				CLANG_ANALYZER_NONNULL = YES;
				CLANG_ANALYZER_NUMBER_OBJECT_CONVERSION = YES_AGGRESSIVE;
				CLANG_CXX_LANGUAGE_STANDARD = "gnu++14";
				CLANG_CXX_LIBRARY = "libc++";
				CLANG_ENABLE_MODULES = YES;
				CLANG_ENABLE_OBJC_ARC = YES;
				CLANG_ENABLE_OBJC_WEAK = YES;
				CLANG_WARN_BLOCK_CAPTURE_AUTORELEASING = YES;
				CLANG_WARN_BOOL_CONVERSION = YES;
				CLANG_WARN_COMMA = YES;
				CLANG_WARN_CONSTANT_CONVERSION = YES;
				CLANG_WARN_DEPRECATED_OBJC_IMPLEMENTATIONS = YES;
				CLANG_WARN_DIRECT_OBJC_ISA_USAGE = YES_ERROR;
				CLANG_WARN_DOCUMENTATION_COMMENTS = YES;
				CLANG_WARN_EMPTY_BODY = YES;
				CLANG_WARN_ENUM_CONVERSION = YES;
				CLANG_WARN_INFINITE_RECURSION = YES;
				CLANG_WARN_INT_CONVERSION = YES;
				CLANG_WARN_NON_LITERAL_NULL_CONVERSION = YES;
				CLANG_WARN_OBJC_IMPLICIT_RETAIN_SELF = YES;
				CLANG_WARN_OBJC_LITERAL_CONVERSION = YES;
				CLANG_WARN_OBJC_ROOT_CLASS = YES_ERROR;
				CLANG_WARN_RANGE_LOOP_ANALYSIS = YES;
				CLANG_WARN_STRICT_PROTOTYPES = YES;
				CLANG_WARN_SUSPICIOUS_MOVE = YES;
				CLANG_WARN_UNGUARDED_AVAILABILITY = YES_AGGRESSIVE;
				CLANG_WARN_UNREACHABLE_CODE = YES;
				CLANG_WARN__DUPLICATE_METHOD_MATCH = YES;
				CODE_SIGN_IDENTITY = "iPhone Developer";
				COPY_PHASE_STRIP = NO;
				DEBUG_INFORMATION_FORMAT = dwarf;
				ENABLE_STRICT_OBJC_MSGSEND = YES;
				ENABLE_TESTABILITY = YES;
				GCC_C_LANGUAGE_STANDARD = gnu11;
				GCC_DYNAMIC_NO_PIC = NO;
				GCC_NO_COMMON_BLOCKS = YES;
				GCC_OPTIMIZATION_LEVEL = 0;
				GCC_PREPROCESSOR_DEFINITIONS = (
					"DEBUG=1",
					"$(inherited)",
				);
				GCC_WARN_64_TO_32_BIT_CONVERSION = YES;
				GCC_WARN_ABOUT_RETURN_TYPE = YES_ERROR;
				GCC_WARN_UNDECLARED_SELECTOR = YES;
				GCC_WARN_UNINITIALIZED_AUTOS = YES_AGGRESSIVE;
				GCC_WARN_UNUSED_FUNCTION = YES;
				GCC_WARN_UNUSED_VARIABLE = YES;
				IPHONEOS_DEPLOYMENT_TARGET = 11.3;
				MTL_ENABLE_DEBUG_INFO = YES;
				ONLY_ACTIVE_ARCH = YES;
				SDKROOT = iphoneos;
				SWIFT_ACTIVE_COMPILATION_CONDITIONS = DEBUG;
				SWIFT_OPTIMIZATION_LEVEL = "-Onone";
			};
			name = Debug;
		};
		7B86937320BDB13500F99F1B /* Release */ = {
			isa = XCBuildConfiguration;
			buildSettings = {
				ALWAYS_SEARCH_USER_PATHS = NO;
				CLANG_ANALYZER_NONNULL = YES;
				CLANG_ANALYZER_NUMBER_OBJECT_CONVERSION = YES_AGGRESSIVE;
				CLANG_CXX_LANGUAGE_STANDARD = "gnu++14";
				CLANG_CXX_LIBRARY = "libc++";
				CLANG_ENABLE_MODULES = YES;
				CLANG_ENABLE_OBJC_ARC = YES;
				CLANG_ENABLE_OBJC_WEAK = YES;
				CLANG_WARN_BLOCK_CAPTURE_AUTORELEASING = YES;
				CLANG_WARN_BOOL_CONVERSION = YES;
				CLANG_WARN_COMMA = YES;
				CLANG_WARN_CONSTANT_CONVERSION = YES;
				CLANG_WARN_DEPRECATED_OBJC_IMPLEMENTATIONS = YES;
				CLANG_WARN_DIRECT_OBJC_ISA_USAGE = YES_ERROR;
				CLANG_WARN_DOCUMENTATION_COMMENTS = YES;
				CLANG_WARN_EMPTY_BODY = YES;
				CLANG_WARN_ENUM_CONVERSION = YES;
				CLANG_WARN_INFINITE_RECURSION = YES;
				CLANG_WARN_INT_CONVERSION = YES;
				CLANG_WARN_NON_LITERAL_NULL_CONVERSION = YES;
				CLANG_WARN_OBJC_IMPLICIT_RETAIN_SELF = YES;
				CLANG_WARN_OBJC_LITERAL_CONVERSION = YES;
				CLANG_WARN_OBJC_ROOT_CLASS = YES_ERROR;
				CLANG_WARN_RANGE_LOOP_ANALYSIS = YES;
				CLANG_WARN_STRICT_PROTOTYPES = YES;
				CLANG_WARN_SUSPICIOUS_MOVE = YES;
				CLANG_WARN_UNGUARDED_AVAILABILITY = YES_AGGRESSIVE;
				CLANG_WARN_UNREACHABLE_CODE = YES;
				CLANG_WARN__DUPLICATE_METHOD_MATCH = YES;
				CODE_SIGN_IDENTITY = "iPhone Developer";
				COPY_PHASE_STRIP = NO;
				DEBUG_INFORMATION_FORMAT = "dwarf-with-dsym";
				ENABLE_NS_ASSERTIONS = NO;
				ENABLE_STRICT_OBJC_MSGSEND = YES;
				GCC_C_LANGUAGE_STANDARD = gnu11;
				GCC_NO_COMMON_BLOCKS = YES;
				GCC_WARN_64_TO_32_BIT_CONVERSION = YES;
				GCC_WARN_ABOUT_RETURN_TYPE = YES_ERROR;
				GCC_WARN_UNDECLARED_SELECTOR = YES;
				GCC_WARN_UNINITIALIZED_AUTOS = YES_AGGRESSIVE;
				GCC_WARN_UNUSED_FUNCTION = YES;
				GCC_WARN_UNUSED_VARIABLE = YES;
				IPHONEOS_DEPLOYMENT_TARGET = 11.3;
				MTL_ENABLE_DEBUG_INFO = NO;
				SDKROOT = iphoneos;
				SWIFT_COMPILATION_MODE = wholemodule;
				SWIFT_OPTIMIZATION_LEVEL = "-O";
				VALIDATE_PRODUCT = YES;
			};
			name = Release;
		};
		7B86937520BDB13500F99F1B /* Debug */ = {
			isa = XCBuildConfiguration;
			buildSettings = {
				ASSETCATALOG_COMPILER_APPICON_NAME = AppIcon;
				CODE_SIGN_STYLE = Automatic;
				DEVELOPMENT_TEAM = V99QB268WT;
				INFOPLIST_FILE = GeoCalculatoriOS/Info.plist;
				LD_RUNPATH_SEARCH_PATHS = (
					"$(inherited)",
					"@executable_path/Frameworks",
				);
				PRODUCT_BUNDLE_IDENTIFIER = GVSU.GeoCalculatoriOS;
				PRODUCT_NAME = "$(TARGET_NAME)";
				SWIFT_VERSION = 4.0;
				TARGETED_DEVICE_FAMILY = "1,2";
			};
			name = Debug;
		};
		7B86937620BDB13500F99F1B /* Release */ = {
			isa = XCBuildConfiguration;
			buildSettings = {
				ASSETCATALOG_COMPILER_APPICON_NAME = AppIcon;
				CODE_SIGN_STYLE = Automatic;
				DEVELOPMENT_TEAM = V99QB268WT;
				INFOPLIST_FILE = GeoCalculatoriOS/Info.plist;
				LD_RUNPATH_SEARCH_PATHS = (
					"$(inherited)",
					"@executable_path/Frameworks",
				);
				PRODUCT_BUNDLE_IDENTIFIER = GVSU.GeoCalculatoriOS;
				PRODUCT_NAME = "$(TARGET_NAME)";
				SWIFT_VERSION = 4.0;
				TARGETED_DEVICE_FAMILY = "1,2";
			};
			name = Release;
		};
		7B86937820BDB13500F99F1B /* Debug */ = {
			isa = XCBuildConfiguration;
			buildSettings = {
				ALWAYS_EMBED_SWIFT_STANDARD_LIBRARIES = YES;
				BUNDLE_LOADER = "$(TEST_HOST)";
				CODE_SIGN_STYLE = Automatic;
				DEVELOPMENT_TEAM = V99QB268WT;
				INFOPLIST_FILE = GeoCalculatoriOSTests/Info.plist;
				LD_RUNPATH_SEARCH_PATHS = (
					"$(inherited)",
					"@executable_path/Frameworks",
					"@loader_path/Frameworks",
				);
				PRODUCT_BUNDLE_IDENTIFIER = GVSU.GeoCalculatoriOSTests;
				PRODUCT_NAME = "$(TARGET_NAME)";
				SWIFT_VERSION = 4.0;
				TARGETED_DEVICE_FAMILY = "1,2";
				TEST_HOST = "$(BUILT_PRODUCTS_DIR)/GeoCalculatoriOS.app/GeoCalculatoriOS";
			};
			name = Debug;
		};
		7B86937920BDB13500F99F1B /* Release */ = {
			isa = XCBuildConfiguration;
			buildSettings = {
				ALWAYS_EMBED_SWIFT_STANDARD_LIBRARIES = YES;
				BUNDLE_LOADER = "$(TEST_HOST)";
				CODE_SIGN_STYLE = Automatic;
				DEVELOPMENT_TEAM = V99QB268WT;
				INFOPLIST_FILE = GeoCalculatoriOSTests/Info.plist;
				LD_RUNPATH_SEARCH_PATHS = (
					"$(inherited)",
					"@executable_path/Frameworks",
					"@loader_path/Frameworks",
				);
				PRODUCT_BUNDLE_IDENTIFIER = GVSU.GeoCalculatoriOSTests;
				PRODUCT_NAME = "$(TARGET_NAME)";
				SWIFT_VERSION = 4.0;
				TARGETED_DEVICE_FAMILY = "1,2";
				TEST_HOST = "$(BUILT_PRODUCTS_DIR)/GeoCalculatoriOS.app/GeoCalculatoriOS";
			};
			name = Release;
		};
		7B86937B20BDB13500F99F1B /* Debug */ = {
			isa = XCBuildConfiguration;
			buildSettings = {
				ALWAYS_EMBED_SWIFT_STANDARD_LIBRARIES = YES;
				CODE_SIGN_STYLE = Automatic;
				DEVELOPMENT_TEAM = V99QB268WT;
				INFOPLIST_FILE = GeoCalculatoriOSUITests/Info.plist;
				LD_RUNPATH_SEARCH_PATHS = (
					"$(inherited)",
					"@executable_path/Frameworks",
					"@loader_path/Frameworks",
				);
				PRODUCT_BUNDLE_IDENTIFIER = GVSU.GeoCalculatoriOSUITests;
				PRODUCT_NAME = "$(TARGET_NAME)";
				SWIFT_VERSION = 4.0;
				TARGETED_DEVICE_FAMILY = "1,2";
				TEST_TARGET_NAME = GeoCalculatoriOS;
			};
			name = Debug;
		};
		7B86937C20BDB13500F99F1B /* Release */ = {
			isa = XCBuildConfiguration;
			buildSettings = {
				ALWAYS_EMBED_SWIFT_STANDARD_LIBRARIES = YES;
				CODE_SIGN_STYLE = Automatic;
				DEVELOPMENT_TEAM = V99QB268WT;
				INFOPLIST_FILE = GeoCalculatoriOSUITests/Info.plist;
				LD_RUNPATH_SEARCH_PATHS = (
					"$(inherited)",
					"@executable_path/Frameworks",
					"@loader_path/Frameworks",
				);
				PRODUCT_BUNDLE_IDENTIFIER = GVSU.GeoCalculatoriOSUITests;
				PRODUCT_NAME = "$(TARGET_NAME)";
				SWIFT_VERSION = 4.0;
				TARGETED_DEVICE_FAMILY = "1,2";
				TEST_TARGET_NAME = GeoCalculatoriOS;
			};
			name = Release;
		};
/* End XCBuildConfiguration section */

/* Begin XCConfigurationList section */
		7B86934720BDB12F00F99F1B /* Build configuration list for PBXProject "GeoCalculatoriOS" */ = {
			isa = XCConfigurationList;
			buildConfigurations = (
				7B86937220BDB13500F99F1B /* Debug */,
				7B86937320BDB13500F99F1B /* Release */,
			);
			defaultConfigurationIsVisible = 0;
			defaultConfigurationName = Release;
		};
		7B86937420BDB13500F99F1B /* Build configuration list for PBXNativeTarget "GeoCalculatoriOS" */ = {
			isa = XCConfigurationList;
			buildConfigurations = (
				7B86937520BDB13500F99F1B /* Debug */,
				7B86937620BDB13500F99F1B /* Release */,
			);
			defaultConfigurationIsVisible = 0;
			defaultConfigurationName = Release;
		};
		7B86937720BDB13500F99F1B /* Build configuration list for PBXNativeTarget "GeoCalculatoriOSTests" */ = {
			isa = XCConfigurationList;
			buildConfigurations = (
				7B86937820BDB13500F99F1B /* Debug */,
				7B86937920BDB13500F99F1B /* Release */,
			);
			defaultConfigurationIsVisible = 0;
			defaultConfigurationName = Release;
		};
		7B86937A20BDB13500F99F1B /* Build configuration list for PBXNativeTarget "GeoCalculatoriOSUITests" */ = {
			isa = XCConfigurationList;
			buildConfigurations = (
				7B86937B20BDB13500F99F1B /* Debug */,
				7B86937C20BDB13500F99F1B /* Release */,
			);
			defaultConfigurationIsVisible = 0;
			defaultConfigurationName = Release;
		};
/* End XCConfigurationList section */
	};
	rootObject = 7B86934420BDB12F00F99F1B /* Project object */;
}
